
Microsoft Visual Studio Solution File, Format Version 12.00
# Visual Studio Version 17
VisualStudioVersion = 17.3.32922.545
MinimumVisualStudioVersion = 10.0.40219.1
Project("{8BC9CEB8-8B4A-11D0-8D11-00A0C91BC942}") = "SingleLinkedList", "SingleLinkedList\SingleLinkedList.vcxproj", "{A755E7FC-459C-4982-8843-E00BA066FB76}"
EndProject
Project("{8BC9CEB8-8B4A-11D0-8D11-00A0C91BC942}") = "Demo", "Demo\Demo.vcxproj", "{BCBA6B51-64D7-48AB-9D23-31D07877D673}"
EndProject
Project("{8BC9CEB8-8B4A-11D0-8D11-00A0C91BC942}") = "List.Tests", "List.Tests\List.Tests.vcxproj", "{3073558E-F310-4559-89A3-7757E94F0EF2}"
EndProject
Global
	GlobalSection(SolutionConfigurationPlatforms) = preSolution
		Debug|x64 = Debug|x64
		Debug|x86 = Debug|x86
		Release|x64 = Release|x64
		Release|x86 = Release|x86
	EndGlobalSection
	GlobalSection(ProjectConfigurationPlatforms) = postSolution
		{A755E7FC-459C-4982-8843-E00BA066FB76}.Debug|x64.ActiveCfg = Debug|x64
		{A755E7FC-459C-4982-8843-E00BA066FB76}.Debug|x64.Build.0 = Debug|x64
		{A755E7FC-459C-4982-8843-E00BA066FB76}.Debug|x86.ActiveCfg = Debug|Win32
		{A755E7FC-459C-4982-8843-E00BA066FB76}.Debug|x86.Build.0 = Debug|Win32
		{A755E7FC-459C-4982-8843-E00BA066FB76}.Release|x64.ActiveCfg = Release|x64
		{A755E7FC-459C-4982-8843-E00BA066FB76}.Release|x64.Build.0 = Release|x64
		{A755E7FC-459C-4982-8843-E00BA066FB76}.Release|x86.ActiveCfg = Release|Win32
		{A755E7FC-459C-4982-8843-E00BA066FB76}.Release|x86.Build.0 = Release|Win32
		{BCBA6B51-64D7-48AB-9D23-31D07877D673}.Debug|x64.ActiveCfg = Debug|x64
		{BCBA6B51-64D7-48AB-9D23-31D07877D673}.Debug|x64.Build.0 = Debug|x64
		{BCBA6B51-64D7-48AB-9D23-31D07877D673}.Debug|x86.ActiveCfg = Debug|Win32
		{BCBA6B51-64D7-48AB-9D23-31D07877D673}.Debug|x86.Build.0 = Debug|Win32
		{BCBA6B51-64D7-48AB-9D23-31D07877D673}.Release|x64.ActiveCfg = Release|x64
		{BCBA6B51-64D7-48AB-9D23-31D07877D673}.Release|x64.Build.0 = Release|x64
		{BCBA6B51-64D7-48AB-9D23-31D07877D673}.Release|x86.ActiveCfg = Release|Win32
		{BCBA6B51-64D7-48AB-9D23-31D07877D673}.Release|x86.Build.0 = Release|Win32
		{3073558E-F310-4559-89A3-7757E94F0EF2}.Debug|x64.ActiveCfg = Debug|x64
		{3073558E-F310-4559-89A3-7757E94F0EF2}.Debug|x64.Build.0 = Debug|x64
		{3073558E-F310-4559-89A3-7757E94F0EF2}.Debug|x86.ActiveCfg = Debug|Win32
		{3073558E-F310-4559-89A3-7757E94F0EF2}.Debug|x86.Build.0 = Debug|Win32
		{3073558E-F310-4559-89A3-7757E94F0EF2}.Release|x64.ActiveCfg = Release|x64
		{3073558E-F310-4559-89A3-7757E94F0EF2}.Release|x64.Build.0 = Release|x64
		{3073558E-F310-4559-89A3-7757E94F0EF2}.Release|x86.ActiveCfg = Release|Win32
		{3073558E-F310-4559-89A3-7757E94F0EF2}.Release|x86.Build.0 = Release|Win32
	EndGlobalSection
	GlobalSection(SolutionProperties) = preSolution
		HideSolutionNode = FALSE
	EndGlobalSection
	GlobalSection(ExtensibilityGlobals) = postSolution
		SolutionGuid = {6B39F679-1A34-4F4A-8DA4-E46171DBC00B}
	EndGlobalSection
EndGlobal
